PODS:
  - AsyncSwift (2.0.4)
  - Cosmos (17.0.0)
  - Differentiator (3.1.0)
  - KeychainSwift (11.0.0)
  - Realm (3.14.2):
    - Realm/Headers (= 3.14.2)
  - Realm/Headers (3.14.2)
  - RealmSwift (3.14.2):
    - Realm (= 3.14.2)
  - RxCocoa (4.5.0):
    - RxSwift (>= 4.4.2, ~> 4.4)
  - RxDataSources (3.1.0):
    - Differentiator (~> 3.0)
    - RxCocoa (~> 4.0)
    - RxSwift (~> 4.0)
  - RxGesture (2.2.0):
    - RxCocoa (~> 4.5)
    - RxSwift (~> 4.5)
  - RxKeyboard (0.9.0):
    - RxCocoa (>= 4.3.1)
    - RxSwift (>= 4.3.1)
  - RxSwift (4.5.0)
  - SnapKit (5.0.0)
  - SwiftyJSON (5.0.0)

DEPENDENCIES:
  - AsyncSwift
  - Cosmos (~> 17.0)
  - KeychainSwift (~> 11.0)
  - RealmSwift
  - RxCocoa (~> 4.5.0)
  - RxDataSources
  - RxGesture (~> 2.2.0)
  - RxKeyboard
  - RxSwift (~> 4.5.0)
  - SnapKit (~> 5.0.0)
  - SwiftyJSON

SPEC REPOS:
  https://github.com/cocoapods/specs.git:
    - AsyncSwift
    - Cosmos
    - Differentiator
    - KeychainSwift
    - Realm
    - RealmSwift
    - RxCocoa
    - RxDataSources
    - RxGesture
    - RxKeyboard
    - RxSwift
    - SnapKit
    - SwiftyJSON

SPEC CHECKSUMS:
  AsyncSwift: 65775a7b32e740609b24969ece3de58723b9dc3e
  Cosmos: 309e489f21ffc91a1eeecfebef7f817cd2fcfba6
  Differentiator: be49ca3408f0ecfc761e4c7763d20c62be01b9ad
  KeychainSwift: bea6bd9f98af7b8d7ca4aa79fe105c00fab532db
  Realm: 179c6706e3a49dbfe112e572fd3c03d3169bea35
  RealmSwift: 1797f272fb51c555b764fada32e82159a2c65247
  RxCocoa: cbf70265dc65a981d4ac982e513c10cf23df24a0
  RxDataSources: a843bad90c29817f5923ec8163f4af2de084ceb3
  RxGesture: c1b7bf17166b0ef9d642a9510f8bac5785f18990
  RxKeyboard: 4f782303f499f41577b41c96c6a9a5d7acd51a47
  RxSwift: f172070dfd1a93d70a9ab97a5a01166206e1c575
  SnapKit: fd22d10eb9aff484d79a8724eab922c1ddf89bcf
  SwiftyJSON: 36413e04c44ee145039d332b4f4e2d3e8d6c4db7

PODFILE CHECKSUM: 89f624f249b449d1d01453c157deb92d1641e1c9

COCOAPODS: 1.6.1
