// !$*UTF8*$!
{
	archiveVersion = 1;
	classes = {
	};
	objectVersion = 50;
	objects = {

/* Begin PBXBuildFile section */
		4AF304E4AF290D0F5CF4EC34 /* Pods_KakaobankTest.framework in Frameworks */ = {isa = PBXBuildFile; fileRef = A44CBBE8DDE5FDFA937DDEFD /* Pods_KakaobankTest.framework */; };
		619670EE227D37C400852ED0 /* AppDelegate.swift in Sources */ = {isa = PBXBuildFile; fileRef = 619670ED227D37C400852ED0 /* AppDelegate.swift */; };
		619670F0227D37C400852ED0 /* ViewController.swift in Sources */ = {isa = PBXBuildFile; fileRef = 619670EF227D37C400852ED0 /* ViewController.swift */; };
		619670F3227D37C400852ED0 /* Main.storyboard in Resources */ = {isa = PBXBuildFile; fileRef = 619670F1227D37C400852ED0 /* Main.storyboard */; };
		619670F5227D37C500852ED0 /* Assets.xcassets in Resources */ = {isa = PBXBuildFile; fileRef = 619670F4227D37C500852ED0 /* Assets.xcassets */; };
		619670F8227D37C500852ED0 /* LaunchScreen.storyboard in Resources */ = {isa = PBXBuildFile; fileRef = 619670F6227D37C500852ED0 /* LaunchScreen.storyboard */; };
		61967103227D37C500852ED0 /* KakaobankTestTests.swift in Sources */ = {isa = PBXBuildFile; fileRef = 61967102227D37C500852ED0 /* KakaobankTestTests.swift */; };
		6196710E227D37C500852ED0 /* KakaobankTestUITests.swift in Sources */ = {isa = PBXBuildFile; fileRef = 6196710D227D37C500852ED0 /* KakaobankTestUITests.swift */; };
		6196711F227D58FB00852ED0 /* UIColor+Extension.swift in Sources */ = {isa = PBXBuildFile; fileRef = 6196711E227D58FB00852ED0 /* UIColor+Extension.swift */; };
		61967122227D598600852ED0 /* APIManager.swift in Sources */ = {isa = PBXBuildFile; fileRef = 61967121227D598600852ED0 /* APIManager.swift */; };
		61967124227D5ABC00852ED0 /* API.swift in Sources */ = {isa = PBXBuildFile; fileRef = 61967123227D5ABC00852ED0 /* API.swift */; };
		61967126227D793D00852ED0 /* String+Extension.swift in Sources */ = {isa = PBXBuildFile; fileRef = 61967125227D793D00852ED0 /* String+Extension.swift */; };
		6196712F227D813500852ED0 /* AppSearchPresenter.swift in Sources */ = {isa = PBXBuildFile; fileRef = 61967129227D813500852ED0 /* AppSearchPresenter.swift */; };
		61967130227D813500852ED0 /* AppSearchWorker.swift in Sources */ = {isa = PBXBuildFile; fileRef = 6196712A227D813500852ED0 /* AppSearchWorker.swift */; };
		61967131227D813500852ED0 /* AppSearchRouter.swift in Sources */ = {isa = PBXBuildFile; fileRef = 6196712B227D813500852ED0 /* AppSearchRouter.swift */; };
		61967132227D813500852ED0 /* AppSearchModels.swift in Sources */ = {isa = PBXBuildFile; fileRef = 6196712C227D813500852ED0 /* AppSearchModels.swift */; };
		61967133227D813500852ED0 /* AppSearchViewController.swift in Sources */ = {isa = PBXBuildFile; fileRef = 6196712D227D813500852ED0 /* AppSearchViewController.swift */; };
		61967134227D813500852ED0 /* AppSearchInteractor.swift in Sources */ = {isa = PBXBuildFile; fileRef = 6196712E227D813500852ED0 /* AppSearchInteractor.swift */; };
		61F5181F227D8BB900340CBF /* AppSearchMainListCell.swift in Sources */ = {isa = PBXBuildFile; fileRef = 61F5181E227D8BB900340CBF /* AppSearchMainListCell.swift */; };
		61F51821227D8E8800340CBF /* TokenManager.swift in Sources */ = {isa = PBXBuildFile; fileRef = 61F51820227D8E8800340CBF /* TokenManager.swift */; };
		61F51825227DA98F00340CBF /* AppSearchBaseItem.swift in Sources */ = {isa = PBXBuildFile; fileRef = 61F51824227DA98F00340CBF /* AppSearchBaseItem.swift */; };
		61F51827227DB9B300340CBF /* UIView+Extension.swift in Sources */ = {isa = PBXBuildFile; fileRef = 61F51826227DB9B300340CBF /* UIView+Extension.swift */; };
		89824791AA7ADBC4F1220A88 /* Pods_KakaobankTestUITests.framework in Frameworks */ = {isa = PBXBuildFile; fileRef = 924924D08F60AED76B0357FE /* Pods_KakaobankTestUITests.framework */; };
		9FEF3FA416DB60968093F745 /* Pods_KakaobankTestTests.framework in Frameworks */ = {isa = PBXBuildFile; fileRef = A4796B3656B3F04BC0E100F4 /* Pods_KakaobankTestTests.framework */; };
/* End PBXBuildFile section */

/* Begin PBXContainerItemProxy section */
		619670FF227D37C500852ED0 /* PBXContainerItemProxy */ = {
			isa = PBXContainerItemProxy;
			containerPortal = 619670E2227D37C400852ED0 /* Project object */;
			proxyType = 1;
			remoteGlobalIDString = 619670E9227D37C400852ED0;
			remoteInfo = KakaobankTest;
		};
		6196710A227D37C500852ED0 /* PBXContainerItemProxy */ = {
			isa = PBXContainerItemProxy;
			containerPortal = 619670E2227D37C400852ED0 /* Project object */;
			proxyType = 1;
			remoteGlobalIDString = 619670E9227D37C400852ED0;
			remoteInfo = KakaobankTest;
		};
/* End PBXContainerItemProxy section */

/* Begin PBXFileReference section */
		2D78B7AD1FB4CA8CBFDB2628 /* Pods-KakaobankTest.release.xcconfig */ = {isa = PBXFileReference; includeInIndex = 1; lastKnownFileType = text.xcconfig; name = "Pods-KakaobankTest.release.xcconfig"; path = "Target Support Files/Pods-KakaobankTest/Pods-KakaobankTest.release.xcconfig"; sourceTree = "<group>"; };
		3FAAD866C6906E5BD692C18E /* Pods-KakaobankTestUITests.debug.xcconfig */ = {isa = PBXFileReference; includeInIndex = 1; lastKnownFileType = text.xcconfig; name = "Pods-KakaobankTestUITests.debug.xcconfig"; path = "Target Support Files/Pods-KakaobankTestUITests/Pods-KakaobankTestUITests.debug.xcconfig"; sourceTree = "<group>"; };
		619670EA227D37C400852ED0 /* KakaobankTest.app */ = {isa = PBXFileReference; explicitFileType = wrapper.application; includeInIndex = 0; path = KakaobankTest.app; sourceTree = BUILT_PRODUCTS_DIR; };
		619670ED227D37C400852ED0 /* AppDelegate.swift */ = {isa = PBXFileReference; lastKnownFileType = sourcecode.swift; path = AppDelegate.swift; sourceTree = "<group>"; };
		619670EF227D37C400852ED0 /* ViewController.swift */ = {isa = PBXFileReference; lastKnownFileType = sourcecode.swift; path = ViewController.swift; sourceTree = "<group>"; };
		619670F2227D37C400852ED0 /* Base */ = {isa = PBXFileReference; lastKnownFileType = file.storyboard; name = Base; path = Base.lproj/Main.storyboard; sourceTree = "<group>"; };
		619670F4227D37C500852ED0 /* Assets.xcassets */ = {isa = PBXFileReference; lastKnownFileType = folder.assetcatalog; path = Assets.xcassets; sourceTree = "<group>"; };
		619670F7227D37C500852ED0 /* Base */ = {isa = PBXFileReference; lastKnownFileType = file.storyboard; name = Base; path = Base.lproj/LaunchScreen.storyboard; sourceTree = "<group>"; };
		619670F9227D37C500852ED0 /* Info.plist */ = {isa = PBXFileReference; lastKnownFileType = text.plist.xml; path = Info.plist; sourceTree = "<group>"; };
		619670FE227D37C500852ED0 /* KakaobankTestTests.xctest */ = {isa = PBXFileReference; explicitFileType = wrapper.cfbundle; includeInIndex = 0; path = KakaobankTestTests.xctest; sourceTree = BUILT_PRODUCTS_DIR; };
		61967102227D37C500852ED0 /* KakaobankTestTests.swift */ = {isa = PBXFileReference; lastKnownFileType = sourcecode.swift; path = KakaobankTestTests.swift; sourceTree = "<group>"; };
		61967104227D37C500852ED0 /* Info.plist */ = {isa = PBXFileReference; lastKnownFileType = text.plist.xml; path = Info.plist; sourceTree = "<group>"; };
		61967109227D37C500852ED0 /* KakaobankTestUITests.xctest */ = {isa = PBXFileReference; explicitFileType = wrapper.cfbundle; includeInIndex = 0; path = KakaobankTestUITests.xctest; sourceTree = BUILT_PRODUCTS_DIR; };
		6196710D227D37C500852ED0 /* KakaobankTestUITests.swift */ = {isa = PBXFileReference; lastKnownFileType = sourcecode.swift; path = KakaobankTestUITests.swift; sourceTree = "<group>"; };
		6196710F227D37C500852ED0 /* Info.plist */ = {isa = PBXFileReference; lastKnownFileType = text.plist.xml; path = Info.plist; sourceTree = "<group>"; };
		6196711E227D58FB00852ED0 /* UIColor+Extension.swift */ = {isa = PBXFileReference; lastKnownFileType = sourcecode.swift; path = "UIColor+Extension.swift"; sourceTree = "<group>"; };
		61967121227D598600852ED0 /* APIManager.swift */ = {isa = PBXFileReference; lastKnownFileType = sourcecode.swift; path = APIManager.swift; sourceTree = "<group>"; };
		61967123227D5ABC00852ED0 /* API.swift */ = {isa = PBXFileReference; lastKnownFileType = sourcecode.swift; path = API.swift; sourceTree = "<group>"; };
		61967125227D793D00852ED0 /* String+Extension.swift */ = {isa = PBXFileReference; lastKnownFileType = sourcecode.swift; path = "String+Extension.swift"; sourceTree = "<group>"; };
		61967129227D813500852ED0 /* AppSearchPresenter.swift */ = {isa = PBXFileReference; lastKnownFileType = sourcecode.swift; path = AppSearchPresenter.swift; sourceTree = "<group>"; };
		6196712A227D813500852ED0 /* AppSearchWorker.swift */ = {isa = PBXFileReference; lastKnownFileType = sourcecode.swift; path = AppSearchWorker.swift; sourceTree = "<group>"; };
		6196712B227D813500852ED0 /* AppSearchRouter.swift */ = {isa = PBXFileReference; lastKnownFileType = sourcecode.swift; path = AppSearchRouter.swift; sourceTree = "<group>"; };
		6196712C227D813500852ED0 /* AppSearchModels.swift */ = {isa = PBXFileReference; lastKnownFileType = sourcecode.swift; path = AppSearchModels.swift; sourceTree = "<group>"; };
		6196712D227D813500852ED0 /* AppSearchViewController.swift */ = {isa = PBXFileReference; lastKnownFileType = sourcecode.swift; path = AppSearchViewController.swift; sourceTree = "<group>"; };
		6196712E227D813500852ED0 /* AppSearchInteractor.swift */ = {isa = PBXFileReference; lastKnownFileType = sourcecode.swift; path = AppSearchInteractor.swift; sourceTree = "<group>"; };
		61F5181E227D8BB900340CBF /* AppSearchMainListCell.swift */ = {isa = PBXFileReference; lastKnownFileType = sourcecode.swift; path = AppSearchMainListCell.swift; sourceTree = "<group>"; };
		61F51820227D8E8800340CBF /* TokenManager.swift */ = {isa = PBXFileReference; lastKnownFileType = sourcecode.swift; path = TokenManager.swift; sourceTree = "<group>"; };
		61F51824227DA98F00340CBF /* AppSearchBaseItem.swift */ = {isa = PBXFileReference; lastKnownFileType = sourcecode.swift; path = AppSearchBaseItem.swift; sourceTree = "<group>"; };
		61F51826227DB9B300340CBF /* UIView+Extension.swift */ = {isa = PBXFileReference; lastKnownFileType = sourcecode.swift; path = "UIView+Extension.swift"; sourceTree = "<group>"; };
		7550B26E4F7B9594B22B3995 /* Pods-KakaobankTestTests.debug.xcconfig */ = {isa = PBXFileReference; includeInIndex = 1; lastKnownFileType = text.xcconfig; name = "Pods-KakaobankTestTests.debug.xcconfig"; path = "Target Support Files/Pods-KakaobankTestTests/Pods-KakaobankTestTests.debug.xcconfig"; sourceTree = "<group>"; };
		924924D08F60AED76B0357FE /* Pods_KakaobankTestUITests.framework */ = {isa = PBXFileReference; explicitFileType = wrapper.framework; includeInIndex = 0; path = Pods_KakaobankTestUITests.framework; sourceTree = BUILT_PRODUCTS_DIR; };
		A2C536686074CC42F63DB90C /* Pods-KakaobankTestUITests.release.xcconfig */ = {isa = PBXFileReference; includeInIndex = 1; lastKnownFileType = text.xcconfig; name = "Pods-KakaobankTestUITests.release.xcconfig"; path = "Target Support Files/Pods-KakaobankTestUITests/Pods-KakaobankTestUITests.release.xcconfig"; sourceTree = "<group>"; };
		A2CDA674B9D4F85DCD2D6753 /* Pods-KakaobankTest.debug.xcconfig */ = {isa = PBXFileReference; includeInIndex = 1; lastKnownFileType = text.xcconfig; name = "Pods-KakaobankTest.debug.xcconfig"; path = "Target Support Files/Pods-KakaobankTest/Pods-KakaobankTest.debug.xcconfig"; sourceTree = "<group>"; };
		A44CBBE8DDE5FDFA937DDEFD /* Pods_KakaobankTest.framework */ = {isa = PBXFileReference; explicitFileType = wrapper.framework; includeInIndex = 0; path = Pods_KakaobankTest.framework; sourceTree = BUILT_PRODUCTS_DIR; };
		A4796B3656B3F04BC0E100F4 /* Pods_KakaobankTestTests.framework */ = {isa = PBXFileReference; explicitFileType = wrapper.framework; includeInIndex = 0; path = Pods_KakaobankTestTests.framework; sourceTree = BUILT_PRODUCTS_DIR; };
		E7ADB964F73B30C4967316BA /* Pods-KakaobankTestTests.release.xcconfig */ = {isa = PBXFileReference; includeInIndex = 1; lastKnownFileType = text.xcconfig; name = "Pods-KakaobankTestTests.release.xcconfig"; path = "Target Support Files/Pods-KakaobankTestTests/Pods-KakaobankTestTests.release.xcconfig"; sourceTree = "<group>"; };
/* End PBXFileReference section */

/* Begin PBXFrameworksBuildPhase section */
		619670E7227D37C400852ED0 /* Frameworks */ = {
			isa = PBXFrameworksBuildPhase;
			buildActionMask = 2147483647;
			files = (
				4AF304E4AF290D0F5CF4EC34 /* Pods_KakaobankTest.framework in Frameworks */,
			);
			runOnlyForDeploymentPostprocessing = 0;
		};
		619670FB227D37C500852ED0 /* Frameworks */ = {
			isa = PBXFrameworksBuildPhase;
			buildActionMask = 2147483647;
			files = (
				9FEF3FA416DB60968093F745 /* Pods_KakaobankTestTests.framework in Frameworks */,
			);
			runOnlyForDeploymentPostprocessing = 0;
		};
		61967106227D37C500852ED0 /* Frameworks */ = {
			isa = PBXFrameworksBuildPhase;
			buildActionMask = 2147483647;
			files = (
				89824791AA7ADBC4F1220A88 /* Pods_KakaobankTestUITests.framework in Frameworks */,
			);
			runOnlyForDeploymentPostprocessing = 0;
		};
/* End PBXFrameworksBuildPhase section */

/* Begin PBXGroup section */
		619670E1227D37C400852ED0 = {
			isa = PBXGroup;
			children = (
				619670EC227D37C400852ED0 /* KakaobankTest */,
				61967101227D37C500852ED0 /* KakaobankTestTests */,
				6196710C227D37C500852ED0 /* KakaobankTestUITests */,
				619670EB227D37C400852ED0 /* Products */,
				6B71548388D0BFE81C38EEC5 /* Pods */,
				7A528ED49162C3BF08754529 /* Frameworks */,
			);
			sourceTree = "<group>";
		};
		619670EB227D37C400852ED0 /* Products */ = {
			isa = PBXGroup;
			children = (
				619670EA227D37C400852ED0 /* KakaobankTest.app */,
				619670FE227D37C500852ED0 /* KakaobankTestTests.xctest */,
				61967109227D37C500852ED0 /* KakaobankTestUITests.xctest */,
			);
			name = Products;
			sourceTree = "<group>";
		};
		619670EC227D37C400852ED0 /* KakaobankTest */ = {
			isa = PBXGroup;
			children = (
				6196711B227D58A700852ED0 /* Extension */,
				61967120227D596300852ED0 /* Manager */,
				61967127227D80ED00852ED0 /* Scene */,
				619670ED227D37C400852ED0 /* AppDelegate.swift */,
				619670EF227D37C400852ED0 /* ViewController.swift */,
				619670F1227D37C400852ED0 /* Main.storyboard */,
				619670F4227D37C500852ED0 /* Assets.xcassets */,
				619670F6227D37C500852ED0 /* LaunchScreen.storyboard */,
				619670F9227D37C500852ED0 /* Info.plist */,
			);
			path = KakaobankTest;
			sourceTree = "<group>";
		};
		61967101227D37C500852ED0 /* KakaobankTestTests */ = {
			isa = PBXGroup;
			children = (
				61967102227D37C500852ED0 /* KakaobankTestTests.swift */,
				61967104227D37C500852ED0 /* Info.plist */,
			);
			path = KakaobankTestTests;
			sourceTree = "<group>";
		};
		6196710C227D37C500852ED0 /* KakaobankTestUITests */ = {
			isa = PBXGroup;
			children = (
				6196710D227D37C500852ED0 /* KakaobankTestUITests.swift */,
				6196710F227D37C500852ED0 /* Info.plist */,
			);
			path = KakaobankTestUITests;
			sourceTree = "<group>";
		};
		6196711B227D58A700852ED0 /* Extension */ = {
			isa = PBXGroup;
			children = (
				6196711E227D58FB00852ED0 /* UIColor+Extension.swift */,
				61967125227D793D00852ED0 /* String+Extension.swift */,
				61F51826227DB9B300340CBF /* UIView+Extension.swift */,
			);
			path = Extension;
			sourceTree = "<group>";
		};
		61967120227D596300852ED0 /* Manager */ = {
			isa = PBXGroup;
			children = (
				61967121227D598600852ED0 /* APIManager.swift */,
				61967123227D5ABC00852ED0 /* API.swift */,
				61F51820227D8E8800340CBF /* TokenManager.swift */,
			);
			path = Manager;
			sourceTree = "<group>";
		};
		61967127227D80ED00852ED0 /* Scene */ = {
			isa = PBXGroup;
			children = (
				61F51823227DA93400340CBF /* Model */,
				61F5181A227D8B3C00340CBF /* Cell */,
				61967128227D811200852ED0 /* AppSearch */,
			);
			path = Scene;
			sourceTree = "<group>";
		};
		61967128227D811200852ED0 /* AppSearch */ = {
			isa = PBXGroup;
			children = (
				61967129227D813500852ED0 /* AppSearchPresenter.swift */,
				6196712A227D813500852ED0 /* AppSearchWorker.swift */,
				6196712B227D813500852ED0 /* AppSearchRouter.swift */,
				6196712C227D813500852ED0 /* AppSearchModels.swift */,
				6196712D227D813500852ED0 /* AppSearchViewController.swift */,
				6196712E227D813500852ED0 /* AppSearchInteractor.swift */,
			);
			path = AppSearch;
			sourceTree = "<group>";
		};
		61F5181A227D8B3C00340CBF /* Cell */ = {
			isa = PBXGroup;
			children = (
				61F5181B227D8B4400340CBF /* AppSearch */,
			);
			path = Cell;
			sourceTree = "<group>";
		};
		61F5181B227D8B4400340CBF /* AppSearch */ = {
			isa = PBXGroup;
			children = (
				61F5181E227D8BB900340CBF /* AppSearchMainListCell.swift */,
			);
			path = AppSearch;
			sourceTree = "<group>";
		};
		61F51823227DA93400340CBF /* Model */ = {
			isa = PBXGroup;
			children = (
				61F51824227DA98F00340CBF /* AppSearchBaseItem.swift */,
			);
			path = Model;
			sourceTree = "<group>";
		};
		6B71548388D0BFE81C38EEC5 /* Pods */ = {
			isa = PBXGroup;
			children = (
				A2CDA674B9D4F85DCD2D6753 /* Pods-KakaobankTest.debug.xcconfig */,
				2D78B7AD1FB4CA8CBFDB2628 /* Pods-KakaobankTest.release.xcconfig */,
				7550B26E4F7B9594B22B3995 /* Pods-KakaobankTestTests.debug.xcconfig */,
				E7ADB964F73B30C4967316BA /* Pods-KakaobankTestTests.release.xcconfig */,
				3FAAD866C6906E5BD692C18E /* Pods-KakaobankTestUITests.debug.xcconfig */,
				A2C536686074CC42F63DB90C /* Pods-KakaobankTestUITests.release.xcconfig */,
			);
			path = Pods;
			sourceTree = "<group>";
		};
		7A528ED49162C3BF08754529 /* Frameworks */ = {
			isa = PBXGroup;
			children = (
				A44CBBE8DDE5FDFA937DDEFD /* Pods_KakaobankTest.framework */,
				A4796B3656B3F04BC0E100F4 /* Pods_KakaobankTestTests.framework */,
				924924D08F60AED76B0357FE /* Pods_KakaobankTestUITests.framework */,
			);
			name = Frameworks;
			sourceTree = "<group>";
		};
/* End PBXGroup section */

/* Begin PBXNativeTarget section */
		619670E9227D37C400852ED0 /* KakaobankTest */ = {
			isa = PBXNativeTarget;
			buildConfigurationList = 61967112227D37C500852ED0 /* Build configuration list for PBXNativeTarget "KakaobankTest" */;
			buildPhases = (
				43BB94F3B9C4C21FB3AB7AE2 /* [CP] Check Pods Manifest.lock */,
				619670E6227D37C400852ED0 /* Sources */,
				619670E7227D37C400852ED0 /* Frameworks */,
				619670E8227D37C400852ED0 /* Resources */,
				A0681C02E8137373C1B6DCE8 /* [CP] Embed Pods Frameworks */,
			);
			buildRules = (
			);
			dependencies = (
			);
			name = KakaobankTest;
			productName = KakaobankTest;
			productReference = 619670EA227D37C400852ED0 /* KakaobankTest.app */;
			productType = "com.apple.product-type.application";
		};
		619670FD227D37C500852ED0 /* KakaobankTestTests */ = {
			isa = PBXNativeTarget;
			buildConfigurationList = 61967115227D37C500852ED0 /* Build configuration list for PBXNativeTarget "KakaobankTestTests" */;
			buildPhases = (
				2A1D61BD2392664E2C151EBB /* [CP] Check Pods Manifest.lock */,
				619670FA227D37C500852ED0 /* Sources */,
				619670FB227D37C500852ED0 /* Frameworks */,
				619670FC227D37C500852ED0 /* Resources */,
			);
			buildRules = (
			);
			dependencies = (
				61967100227D37C500852ED0 /* PBXTargetDependency */,
			);
			name = KakaobankTestTests;
			productName = KakaobankTestTests;
			productReference = 619670FE227D37C500852ED0 /* KakaobankTestTests.xctest */;
			productType = "com.apple.product-type.bundle.unit-test";
		};
		61967108227D37C500852ED0 /* KakaobankTestUITests */ = {
			isa = PBXNativeTarget;
			buildConfigurationList = 61967118227D37C500852ED0 /* Build configuration list for PBXNativeTarget "KakaobankTestUITests" */;
			buildPhases = (
				BC589EA480B2BF80502F8D31 /* [CP] Check Pods Manifest.lock */,
				61967105227D37C500852ED0 /* Sources */,
				61967106227D37C500852ED0 /* Frameworks */,
				61967107227D37C500852ED0 /* Resources */,
			);
			buildRules = (
			);
			dependencies = (
				6196710B227D37C500852ED0 /* PBXTargetDependency */,
			);
			name = KakaobankTestUITests;
			productName = KakaobankTestUITests;
			productReference = 61967109227D37C500852ED0 /* KakaobankTestUITests.xctest */;
			productType = "com.apple.product-type.bundle.ui-testing";
		};
/* End PBXNativeTarget section */

/* Begin PBXProject section */
		619670E2227D37C400852ED0 /* Project object */ = {
			isa = PBXProject;
			attributes = {
				LastSwiftUpdateCheck = 1020;
				LastUpgradeCheck = 1020;
				ORGANIZATIONNAME = rowkaxl;
				TargetAttributes = {
					619670E9227D37C400852ED0 = {
						CreatedOnToolsVersion = 10.2.1;
					};
					619670FD227D37C500852ED0 = {
						CreatedOnToolsVersion = 10.2.1;
						TestTargetID = 619670E9227D37C400852ED0;
					};
					61967108227D37C500852ED0 = {
						CreatedOnToolsVersion = 10.2.1;
						TestTargetID = 619670E9227D37C400852ED0;
					};
				};
			};
			buildConfigurationList = 619670E5227D37C400852ED0 /* Build configuration list for PBXProject "KakaobankTest" */;
			compatibilityVersion = "Xcode 9.3";
			developmentRegion = en;
			hasScannedForEncodings = 0;
			knownRegions = (
				en,
				Base,
			);
			mainGroup = 619670E1227D37C400852ED0;
			productRefGroup = 619670EB227D37C400852ED0 /* Products */;
			projectDirPath = "";
			projectRoot = "";
			targets = (
				619670E9227D37C400852ED0 /* KakaobankTest */,
				619670FD227D37C500852ED0 /* KakaobankTestTests */,
				61967108227D37C500852ED0 /* KakaobankTestUITests */,
			);
		};
/* End PBXProject section */

/* Begin PBXResourcesBuildPhase section */
		619670E8227D37C400852ED0 /* Resources */ = {
			isa = PBXResourcesBuildPhase;
			buildActionMask = 2147483647;
			files = (
				619670F8227D37C500852ED0 /* LaunchScreen.storyboard in Resources */,
				619670F5227D37C500852ED0 /* Assets.xcassets in Resources */,
				619670F3227D37C400852ED0 /* Main.storyboard in Resources */,
			);
			runOnlyForDeploymentPostprocessing = 0;
		};
		619670FC227D37C500852ED0 /* Resources */ = {
			isa = PBXResourcesBuildPhase;
			buildActionMask = 2147483647;
			files = (
			);
			runOnlyForDeploymentPostprocessing = 0;
		};
		61967107227D37C500852ED0 /* Resources */ = {
			isa = PBXResourcesBuildPhase;
			buildActionMask = 2147483647;
			files = (
			);
			runOnlyForDeploymentPostprocessing = 0;
		};
/* End PBXResourcesBuildPhase section */

/* Begin PBXShellScriptBuildPhase section */
		2A1D61BD2392664E2C151EBB /* [CP] Check Pods Manifest.lock */ = {
			isa = PBXShellScriptBuildPhase;
			buildActionMask = 2147483647;
			files = (
			);
			inputFileListPaths = (
			);
			inputPaths = (
				"${PODS_PODFILE_DIR_PATH}/Podfile.lock",
				"${PODS_ROOT}/Manifest.lock",
			);
			name = "[CP] Check Pods Manifest.lock";
			outputFileListPaths = (
			);
			outputPaths = (
				"$(DERIVED_FILE_DIR)/Pods-KakaobankTestTests-checkManifestLockResult.txt",
			);
			runOnlyForDeploymentPostprocessing = 0;
			shellPath = /bin/sh;
			shellScript = "diff \"${PODS_PODFILE_DIR_PATH}/Podfile.lock\" \"${PODS_ROOT}/Manifest.lock\" > /dev/null\nif [ $? != 0 ] ; then\n    # print error to STDERR\n    echo \"error: The sandbox is not in sync with the Podfile.lock. Run 'pod install' or update your CocoaPods installation.\" >&2\n    exit 1\nfi\n# This output is used by Xcode 'outputs' to avoid re-running this script phase.\necho \"SUCCESS\" > \"${SCRIPT_OUTPUT_FILE_0}\"\n";
			showEnvVarsInLog = 0;
		};
		43BB94F3B9C4C21FB3AB7AE2 /* [CP] Check Pods Manifest.lock */ = {
			isa = PBXShellScriptBuildPhase;
			buildActionMask = 2147483647;
			files = (
			);
			inputFileListPaths = (
			);
			inputPaths = (
				"${PODS_PODFILE_DIR_PATH}/Podfile.lock",
				"${PODS_ROOT}/Manifest.lock",
			);
			name = "[CP] Check Pods Manifest.lock";
			outputFileListPaths = (
			);
			outputPaths = (
				"$(DERIVED_FILE_DIR)/Pods-KakaobankTest-checkManifestLockResult.txt",
			);
			runOnlyForDeploymentPostprocessing = 0;
			shellPath = /bin/sh;
			shellScript = "diff \"${PODS_PODFILE_DIR_PATH}/Podfile.lock\" \"${PODS_ROOT}/Manifest.lock\" > /dev/null\nif [ $? != 0 ] ; then\n    # print error to STDERR\n    echo \"error: The sandbox is not in sync with the Podfile.lock. Run 'pod install' or update your CocoaPods installation.\" >&2\n    exit 1\nfi\n# This output is used by Xcode 'outputs' to avoid re-running this script phase.\necho \"SUCCESS\" > \"${SCRIPT_OUTPUT_FILE_0}\"\n";
			showEnvVarsInLog = 0;
		};
		A0681C02E8137373C1B6DCE8 /* [CP] Embed Pods Frameworks */ = {
			isa = PBXShellScriptBuildPhase;
			buildActionMask = 2147483647;
			files = (
			);
			inputFileListPaths = (
			);
			inputPaths = (
				"${PODS_ROOT}/Target Support Files/Pods-KakaobankTest/Pods-KakaobankTest-frameworks.sh",
				"${BUILT_PRODUCTS_DIR}/AsyncSwift/Async.framework",
				"${BUILT_PRODUCTS_DIR}/Differentiator/Differentiator.framework",
				"${BUILT_PRODUCTS_DIR}/KeychainSwift/KeychainSwift.framework",
				"${BUILT_PRODUCTS_DIR}/Realm/Realm.framework",
				"${BUILT_PRODUCTS_DIR}/RealmSwift/RealmSwift.framework",
				"${BUILT_PRODUCTS_DIR}/RxCocoa/RxCocoa.framework",
				"${BUILT_PRODUCTS_DIR}/RxDataSources/RxDataSources.framework",
				"${BUILT_PRODUCTS_DIR}/RxGesture/RxGesture.framework",
				"${BUILT_PRODUCTS_DIR}/RxKeyboard/RxKeyboard.framework",
				"${BUILT_PRODUCTS_DIR}/RxSwift/RxSwift.framework",
				"${BUILT_PRODUCTS_DIR}/SnapKit/SnapKit.framework",
				"${BUILT_PRODUCTS_DIR}/SwiftyJSON/SwiftyJSON.framework",
			);
			name = "[CP] Embed Pods Frameworks";
			outputFileListPaths = (
			);
			outputPaths = (
				"${TARGET_BUILD_DIR}/${FRAMEWORKS_FOLDER_PATH}/Async.framework",
				"${TARGET_BUILD_DIR}/${FRAMEWORKS_FOLDER_PATH}/Differentiator.framework",
				"${TARGET_BUILD_DIR}/${FRAMEWORKS_FOLDER_PATH}/KeychainSwift.framework",
				"${TARGET_BUILD_DIR}/${FRAMEWORKS_FOLDER_PATH}/Realm.framework",
				"${TARGET_BUILD_DIR}/${FRAMEWORKS_FOLDER_PATH}/RealmSwift.framework",
				"${TARGET_BUILD_DIR}/${FRAMEWORKS_FOLDER_PATH}/RxCocoa.framework",
				"${TARGET_BUILD_DIR}/${FRAMEWORKS_FOLDER_PATH}/RxDataSources.framework",
				"${TARGET_BUILD_DIR}/${FRAMEWORKS_FOLDER_PATH}/RxGesture.framework",
				"${TARGET_BUILD_DIR}/${FRAMEWORKS_FOLDER_PATH}/RxKeyboard.framework",
				"${TARGET_BUILD_DIR}/${FRAMEWORKS_FOLDER_PATH}/RxSwift.framework",
				"${TARGET_BUILD_DIR}/${FRAMEWORKS_FOLDER_PATH}/SnapKit.framework",
				"${TARGET_BUILD_DIR}/${FRAMEWORKS_FOLDER_PATH}/SwiftyJSON.framework",
			);
			runOnlyForDeploymentPostprocessing = 0;
			shellPath = /bin/sh;
			shellScript = "\"${PODS_ROOT}/Target Support Files/Pods-KakaobankTest/Pods-KakaobankTest-frameworks.sh\"\n";
			showEnvVarsInLog = 0;
		};
		BC589EA480B2BF80502F8D31 /* [CP] Check Pods Manifest.lock */ = {
			isa = PBXShellScriptBuildPhase;
			buildActionMask = 2147483647;
			files = (
			);
			inputFileListPaths = (
			);
			inputPaths = (
				"${PODS_PODFILE_DIR_PATH}/Podfile.lock",
				"${PODS_ROOT}/Manifest.lock",
			);
			name = "[CP] Check Pods Manifest.lock";
			outputFileListPaths = (
			);
			outputPaths = (
				"$(DERIVED_FILE_DIR)/Pods-KakaobankTestUITests-checkManifestLockResult.txt",
			);
			runOnlyForDeploymentPostprocessing = 0;
			shellPath = /bin/sh;
			shellScript = "diff \"${PODS_PODFILE_DIR_PATH}/Podfile.lock\" \"${PODS_ROOT}/Manifest.lock\" > /dev/null\nif [ $? != 0 ] ; then\n    # print error to STDERR\n    echo \"error: The sandbox is not in sync with the Podfile.lock. Run 'pod install' or update your CocoaPods installation.\" >&2\n    exit 1\nfi\n# This output is used by Xcode 'outputs' to avoid re-running this script phase.\necho \"SUCCESS\" > \"${SCRIPT_OUTPUT_FILE_0}\"\n";
			showEnvVarsInLog = 0;
		};
/* End PBXShellScriptBuildPhase section */

/* Begin PBXSourcesBuildPhase section */
		619670E6227D37C400852ED0 /* Sources */ = {
			isa = PBXSourcesBuildPhase;
			buildActionMask = 2147483647;
			files = (
				61967122227D598600852ED0 /* APIManager.swift in Sources */,
				61F5181F227D8BB900340CBF /* AppSearchMainListCell.swift in Sources */,
				61F51827227DB9B300340CBF /* UIView+Extension.swift in Sources */,
				61967130227D813500852ED0 /* AppSearchWorker.swift in Sources */,
				61967134227D813500852ED0 /* AppSearchInteractor.swift in Sources */,
				61967131227D813500852ED0 /* AppSearchRouter.swift in Sources */,
				6196711F227D58FB00852ED0 /* UIColor+Extension.swift in Sources */,
				619670F0227D37C400852ED0 /* ViewController.swift in Sources */,
				61F51825227DA98F00340CBF /* AppSearchBaseItem.swift in Sources */,
				619670EE227D37C400852ED0 /* AppDelegate.swift in Sources */,
				6196712F227D813500852ED0 /* AppSearchPresenter.swift in Sources */,
				61967132227D813500852ED0 /* AppSearchModels.swift in Sources */,
				61967126227D793D00852ED0 /* String+Extension.swift in Sources */,
				61967133227D813500852ED0 /* AppSearchViewController.swift in Sources */,
				61967124227D5ABC00852ED0 /* API.swift in Sources */,
				61F51821227D8E8800340CBF /* TokenManager.swift in Sources */,
			);
			runOnlyForDeploymentPostprocessing = 0;
		};
		619670FA227D37C500852ED0 /* Sources */ = {
			isa = PBXSourcesBuildPhase;
			buildActionMask = 2147483647;
			files = (
				61967103227D37C500852ED0 /* KakaobankTestTests.swift in Sources */,
			);
			runOnlyForDeploymentPostprocessing = 0;
		};
		61967105227D37C500852ED0 /* Sources */ = {
			isa = PBXSourcesBuildPhase;
			buildActionMask = 2147483647;
			files = (
				6196710E227D37C500852ED0 /* KakaobankTestUITests.swift in Sources */,
			);
			runOnlyForDeploymentPostprocessing = 0;
		};
/* End PBXSourcesBuildPhase section */

/* Begin PBXTargetDependency section */
		61967100227D37C500852ED0 /* PBXTargetDependency */ = {
			isa = PBXTargetDependency;
			target = 619670E9227D37C400852ED0 /* KakaobankTest */;
			targetProxy = 619670FF227D37C500852ED0 /* PBXContainerItemProxy */;
		};
		6196710B227D37C500852ED0 /* PBXTargetDependency */ = {
			isa = PBXTargetDependency;
			target = 619670E9227D37C400852ED0 /* KakaobankTest */;
			targetProxy = 6196710A227D37C500852ED0 /* PBXContainerItemProxy */;
		};
/* End PBXTargetDependency section */

/* Begin PBXVariantGroup section */
		619670F1227D37C400852ED0 /* Main.storyboard */ = {
			isa = PBXVariantGroup;
			children = (
				619670F2227D37C400852ED0 /* Base */,
			);
			name = Main.storyboard;
			sourceTree = "<group>";
		};
		619670F6227D37C500852ED0 /* LaunchScreen.storyboard */ = {
			isa = PBXVariantGroup;
			children = (
				619670F7227D37C500852ED0 /* Base */,
			);
			name = LaunchScreen.storyboard;
			sourceTree = "<group>";
		};
/* End PBXVariantGroup section */

/* Begin XCBuildConfiguration section */
		61967110227D37C500852ED0 /* Debug */ = {
			isa = XCBuildConfiguration;
			buildSettings = {
				ALWAYS_SEARCH_USER_PATHS = NO;
				CLANG_ANALYZER_NONNULL = YES;
				CLANG_ANALYZER_NUMBER_OBJECT_CONVERSION = YES_AGGRESSIVE;
				CLANG_CXX_LANGUAGE_STANDARD = "gnu++14";
				CLANG_CXX_LIBRARY = "libc++";
				CLANG_ENABLE_MODULES = YES;
				CLANG_ENABLE_OBJC_ARC = YES;
				CLANG_ENABLE_OBJC_WEAK = YES;
				CLANG_WARN_BLOCK_CAPTURE_AUTORELEASING = YES;
				CLANG_WARN_BOOL_CONVERSION = YES;
				CLANG_WARN_COMMA = YES;
				CLANG_WARN_CONSTANT_CONVERSION = YES;
				CLANG_WARN_DEPRECATED_OBJC_IMPLEMENTATIONS = YES;
				CLANG_WARN_DIRECT_OBJC_ISA_USAGE = YES_ERROR;
				CLANG_WARN_DOCUMENTATION_COMMENTS = YES;
				CLANG_WARN_EMPTY_BODY = YES;
				CLANG_WARN_ENUM_CONVERSION = YES;
				CLANG_WARN_INFINITE_RECURSION = YES;
				CLANG_WARN_INT_CONVERSION = YES;
				CLANG_WARN_NON_LITERAL_NULL_CONVERSION = YES;
				CLANG_WARN_OBJC_IMPLICIT_RETAIN_SELF = YES;
				CLANG_WARN_OBJC_LITERAL_CONVERSION = YES;
				CLANG_WARN_OBJC_ROOT_CLASS = YES_ERROR;
				CLANG_WARN_RANGE_LOOP_ANALYSIS = YES;
				CLANG_WARN_STRICT_PROTOTYPES = YES;
				CLANG_WARN_SUSPICIOUS_MOVE = YES;
				CLANG_WARN_UNGUARDED_AVAILABILITY = YES_AGGRESSIVE;
				CLANG_WARN_UNREACHABLE_CODE = YES;
				CLANG_WARN__DUPLICATE_METHOD_MATCH = YES;
				CODE_SIGN_IDENTITY = "iPhone Developer";
				COPY_PHASE_STRIP = NO;
				DEBUG_INFORMATION_FORMAT = dwarf;
				ENABLE_STRICT_OBJC_MSGSEND = YES;
				ENABLE_TESTABILITY = YES;
				GCC_C_LANGUAGE_STANDARD = gnu11;
				GCC_DYNAMIC_NO_PIC = NO;
				GCC_NO_COMMON_BLOCKS = YES;
				GCC_OPTIMIZATION_LEVEL = 0;
				GCC_PREPROCESSOR_DEFINITIONS = (
					"DEBUG=1",
					"$(inherited)",
				);
				GCC_WARN_64_TO_32_BIT_CONVERSION = YES;
				GCC_WARN_ABOUT_RETURN_TYPE = YES_ERROR;
				GCC_WARN_UNDECLARED_SELECTOR = YES;
				GCC_WARN_UNINITIALIZED_AUTOS = YES_AGGRESSIVE;
				GCC_WARN_UNUSED_FUNCTION = YES;
				GCC_WARN_UNUSED_VARIABLE = YES;
				IPHONEOS_DEPLOYMENT_TARGET = 12.2;
				MTL_ENABLE_DEBUG_INFO = INCLUDE_SOURCE;
				MTL_FAST_MATH = YES;
				ONLY_ACTIVE_ARCH = YES;
				SDKROOT = iphoneos;
				SWIFT_ACTIVE_COMPILATION_CONDITIONS = DEBUG;
				SWIFT_OPTIMIZATION_LEVEL = "-Onone";
			};
			name = Debug;
		};
		61967111227D37C500852ED0 /* Release */ = {
			isa = XCBuildConfiguration;
			buildSettings = {
				ALWAYS_SEARCH_USER_PATHS = NO;
				CLANG_ANALYZER_NONNULL = YES;
				CLANG_ANALYZER_NUMBER_OBJECT_CONVERSION = YES_AGGRESSIVE;
				CLANG_CXX_LANGUAGE_STANDARD = "gnu++14";
				CLANG_CXX_LIBRARY = "libc++";
				CLANG_ENABLE_MODULES = YES;
				CLANG_ENABLE_OBJC_ARC = YES;
				CLANG_ENABLE_OBJC_WEAK = YES;
				CLANG_WARN_BLOCK_CAPTURE_AUTORELEASING = YES;
				CLANG_WARN_BOOL_CONVERSION = YES;
				CLANG_WARN_COMMA = YES;
				CLANG_WARN_CONSTANT_CONVERSION = YES;
				CLANG_WARN_DEPRECATED_OBJC_IMPLEMENTATIONS = YES;
				CLANG_WARN_DIRECT_OBJC_ISA_USAGE = YES_ERROR;
				CLANG_WARN_DOCUMENTATION_COMMENTS = YES;
				CLANG_WARN_EMPTY_BODY = YES;
				CLANG_WARN_ENUM_CONVERSION = YES;
				CLANG_WARN_INFINITE_RECURSION = YES;
				CLANG_WARN_INT_CONVERSION = YES;
				CLANG_WARN_NON_LITERAL_NULL_CONVERSION = YES;
				CLANG_WARN_OBJC_IMPLICIT_RETAIN_SELF = YES;
				CLANG_WARN_OBJC_LITERAL_CONVERSION = YES;
				CLANG_WARN_OBJC_ROOT_CLASS = YES_ERROR;
				CLANG_WARN_RANGE_LOOP_ANALYSIS = YES;
				CLANG_WARN_STRICT_PROTOTYPES = YES;
				CLANG_WARN_SUSPICIOUS_MOVE = YES;
				CLANG_WARN_UNGUARDED_AVAILABILITY = YES_AGGRESSIVE;
				CLANG_WARN_UNREACHABLE_CODE = YES;
				CLANG_WARN__DUPLICATE_METHOD_MATCH = YES;
				CODE_SIGN_IDENTITY = "iPhone Developer";
				COPY_PHASE_STRIP = NO;
				DEBUG_INFORMATION_FORMAT = "dwarf-with-dsym";
				ENABLE_NS_ASSERTIONS = NO;
				ENABLE_STRICT_OBJC_MSGSEND = YES;
				GCC_C_LANGUAGE_STANDARD = gnu11;
				GCC_NO_COMMON_BLOCKS = YES;
				GCC_WARN_64_TO_32_BIT_CONVERSION = YES;
				GCC_WARN_ABOUT_RETURN_TYPE = YES_ERROR;
				GCC_WARN_UNDECLARED_SELECTOR = YES;
				GCC_WARN_UNINITIALIZED_AUTOS = YES_AGGRESSIVE;
				GCC_WARN_UNUSED_FUNCTION = YES;
				GCC_WARN_UNUSED_VARIABLE = YES;
				IPHONEOS_DEPLOYMENT_TARGET = 12.2;
				MTL_ENABLE_DEBUG_INFO = NO;
				MTL_FAST_MATH = YES;
				SDKROOT = iphoneos;
				SWIFT_COMPILATION_MODE = wholemodule;
				SWIFT_OPTIMIZATION_LEVEL = "-O";
				VALIDATE_PRODUCT = YES;
			};
			name = Release;
		};
		61967113227D37C500852ED0 /* Debug */ = {
			isa = XCBuildConfiguration;
			baseConfigurationReference = A2CDA674B9D4F85DCD2D6753 /* Pods-KakaobankTest.debug.xcconfig */;
			buildSettings = {
				ASSETCATALOG_COMPILER_APPICON_NAME = AppIcon;
				CODE_SIGN_STYLE = Automatic;
				DEVELOPMENT_TEAM = R5RFEZ8DV2;
				INFOPLIST_FILE = KakaobankTest/Info.plist;
				IPHONEOS_DEPLOYMENT_TARGET = 11.0;
				LD_RUNPATH_SEARCH_PATHS = (
					"$(inherited)",
					"@executable_path/Frameworks",
				);
				PRODUCT_BUNDLE_IDENTIFIER = rowkaxl.KakaobankTest;
				PRODUCT_NAME = "$(TARGET_NAME)";
				SWIFT_VERSION = 4.2;
				TARGETED_DEVICE_FAMILY = "1,2";
			};
			name = Debug;
		};
		61967114227D37C500852ED0 /* Release */ = {
			isa = XCBuildConfiguration;
			baseConfigurationReference = 2D78B7AD1FB4CA8CBFDB2628 /* Pods-KakaobankTest.release.xcconfig */;
			buildSettings = {
				ASSETCATALOG_COMPILER_APPICON_NAME = AppIcon;
				CODE_SIGN_STYLE = Automatic;
				DEVELOPMENT_TEAM = R5RFEZ8DV2;
				INFOPLIST_FILE = KakaobankTest/Info.plist;
				IPHONEOS_DEPLOYMENT_TARGET = 11.0;
				LD_RUNPATH_SEARCH_PATHS = (
					"$(inherited)",
					"@executable_path/Frameworks",
				);
				PRODUCT_BUNDLE_IDENTIFIER = rowkaxl.KakaobankTest;
				PRODUCT_NAME = "$(TARGET_NAME)";
				SWIFT_VERSION = 4.2;
				TARGETED_DEVICE_FAMILY = "1,2";
			};
			name = Release;
		};
		61967116227D37C500852ED0 /* Debug */ = {
			isa = XCBuildConfiguration;
			baseConfigurationReference = 7550B26E4F7B9594B22B3995 /* Pods-KakaobankTestTests.debug.xcconfig */;
			buildSettings = {
				ALWAYS_EMBED_SWIFT_STANDARD_LIBRARIES = YES;
				BUNDLE_LOADER = "$(TEST_HOST)";
				CODE_SIGN_STYLE = Automatic;
				DEVELOPMENT_TEAM = R5RFEZ8DV2;
				INFOPLIST_FILE = KakaobankTestTests/Info.plist;
				LD_RUNPATH_SEARCH_PATHS = (
					"$(inherited)",
					"@executable_path/Frameworks",
					"@loader_path/Frameworks",
				);
				PRODUCT_BUNDLE_IDENTIFIER = rowkaxl.KakaobankTestTests;
				PRODUCT_NAME = "$(TARGET_NAME)";
				SWIFT_VERSION = 5.0;
				TARGETED_DEVICE_FAMILY = "1,2";
				TEST_HOST = "$(BUILT_PRODUCTS_DIR)/KakaobankTest.app/KakaobankTest";
			};
			name = Debug;
		};
		61967117227D37C500852ED0 /* Release */ = {
			isa = XCBuildConfiguration;
			baseConfigurationReference = E7ADB964F73B30C4967316BA /* Pods-KakaobankTestTests.release.xcconfig */;
			buildSettings = {
				ALWAYS_EMBED_SWIFT_STANDARD_LIBRARIES = YES;
				BUNDLE_LOADER = "$(TEST_HOST)";
				CODE_SIGN_STYLE = Automatic;
				DEVELOPMENT_TEAM = R5RFEZ8DV2;
				INFOPLIST_FILE = KakaobankTestTests/Info.plist;
				LD_RUNPATH_SEARCH_PATHS = (
					"$(inherited)",
					"@executable_path/Frameworks",
					"@loader_path/Frameworks",
				);
				PRODUCT_BUNDLE_IDENTIFIER = rowkaxl.KakaobankTestTests;
				PRODUCT_NAME = "$(TARGET_NAME)";
				SWIFT_VERSION = 5.0;
				TARGETED_DEVICE_FAMILY = "1,2";
				TEST_HOST = "$(BUILT_PRODUCTS_DIR)/KakaobankTest.app/KakaobankTest";
			};
			name = Release;
		};
		61967119227D37C500852ED0 /* Debug */ = {
			isa = XCBuildConfiguration;
			baseConfigurationReference = 3FAAD866C6906E5BD692C18E /* Pods-KakaobankTestUITests.debug.xcconfig */;
			buildSettings = {
				ALWAYS_EMBED_SWIFT_STANDARD_LIBRARIES = YES;
				CODE_SIGN_STYLE = Automatic;
				DEVELOPMENT_TEAM = R5RFEZ8DV2;
				INFOPLIST_FILE = KakaobankTestUITests/Info.plist;
				LD_RUNPATH_SEARCH_PATHS = (
					"$(inherited)",
					"@executable_path/Frameworks",
					"@loader_path/Frameworks",
				);
				PRODUCT_BUNDLE_IDENTIFIER = rowkaxl.KakaobankTestUITests;
				PRODUCT_NAME = "$(TARGET_NAME)";
				SWIFT_VERSION = 5.0;
				TARGETED_DEVICE_FAMILY = "1,2";
				TEST_TARGET_NAME = KakaobankTest;
			};
			name = Debug;
		};
		6196711A227D37C500852ED0 /* Release */ = {
			isa = XCBuildConfiguration;
			baseConfigurationReference = A2C536686074CC42F63DB90C /* Pods-KakaobankTestUITests.release.xcconfig */;
			buildSettings = {
				ALWAYS_EMBED_SWIFT_STANDARD_LIBRARIES = YES;
				CODE_SIGN_STYLE = Automatic;
				DEVELOPMENT_TEAM = R5RFEZ8DV2;
				INFOPLIST_FILE = KakaobankTestUITests/Info.plist;
				LD_RUNPATH_SEARCH_PATHS = (
					"$(inherited)",
					"@executable_path/Frameworks",
					"@loader_path/Frameworks",
				);
				PRODUCT_BUNDLE_IDENTIFIER = rowkaxl.KakaobankTestUITests;
				PRODUCT_NAME = "$(TARGET_NAME)";
				SWIFT_VERSION = 5.0;
				TARGETED_DEVICE_FAMILY = "1,2";
				TEST_TARGET_NAME = KakaobankTest;
			};
			name = Release;
		};
/* End XCBuildConfiguration section */

/* Begin XCConfigurationList section */
		619670E5227D37C400852ED0 /* Build configuration list for PBXProject "KakaobankTest" */ = {
			isa = XCConfigurationList;
			buildConfigurations = (
				61967110227D37C500852ED0 /* Debug */,
				61967111227D37C500852ED0 /* Release */,
			);
			defaultConfigurationIsVisible = 0;
			defaultConfigurationName = Release;
		};
		61967112227D37C500852ED0 /* Build configuration list for PBXNativeTarget "KakaobankTest" */ = {
			isa = XCConfigurationList;
			buildConfigurations = (
				61967113227D37C500852ED0 /* Debug */,
				61967114227D37C500852ED0 /* Release */,
			);
			defaultConfigurationIsVisible = 0;
			defaultConfigurationName = Release;
		};
		61967115227D37C500852ED0 /* Build configuration list for PBXNativeTarget "KakaobankTestTests" */ = {
			isa = XCConfigurationList;
			buildConfigurations = (
				61967116227D37C500852ED0 /* Debug */,
				61967117227D37C500852ED0 /* Release */,
			);
			defaultConfigurationIsVisible = 0;
			defaultConfigurationName = Release;
		};
		61967118227D37C500852ED0 /* Build configuration list for PBXNativeTarget "KakaobankTestUITests" */ = {
			isa = XCConfigurationList;
			buildConfigurations = (
				61967119227D37C500852ED0 /* Debug */,
				6196711A227D37C500852ED0 /* Release */,
			);
			defaultConfigurationIsVisible = 0;
			defaultConfigurationName = Release;
		};
/* End XCConfigurationList section */
	};
	rootObject = 619670E2227D37C400852ED0 /* Project object */;
}
